
Microsoft Visual Studio Solution File, Format Version 12.00
# Visual Studio Version 17
VisualStudioVersion = 17.14.36429.23
MinimumVisualStudioVersion = 10.0.40219.1
Project("{FAE04EC0-301F-11D3-BF4B-00C04F79EFBC}") = "VaxFlow", "VaxFlow\VaxFlow.csproj", "{11DAF965-DD09-4281-96C1-00CE344FE526}"
EndProject
Project("{FAE04EC0-301F-11D3-BF4B-00C04F79EFBC}") = "VaxFlowTests", "VaxFlowTests\VaxFlowTests.csproj", "{CC88EF50-23F1-4F71-9EB3-9A1B9998EE9C}"
EndProject
Global
	GlobalSection(SolutionConfigurationPlatforms) = preSolution
		Debug|Any CPU = Debug|Any CPU
		Release|Any CPU = Release|Any CPU
	EndGlobalSection
	GlobalSection(ProjectConfigurationPlatforms) = postSolution
		{11DAF965-DD09-4281-96C1-00CE344FE526}.Debug|Any CPU.ActiveCfg = Debug|Any CPU
		{11DAF965-DD09-4281-96C1-00CE344FE526}.Debug|Any CPU.Build.0 = Debug|Any CPU
		{11DAF965-DD09-4281-96C1-00CE344FE526}.Release|Any CPU.ActiveCfg = Release|Any CPU
		{11DAF965-DD09-4281-96C1-00CE344FE526}.Release|Any CPU.Build.0 = Release|Any CPU
		{CC88EF50-23F1-4F71-9EB3-9A1B9998EE9C}.Debug|Any CPU.ActiveCfg = Debug|Any CPU
		{CC88EF50-23F1-4F71-9EB3-9A1B9998EE9C}.Debug|Any CPU.Build.0 = Debug|Any CPU
		{CC88EF50-23F1-4F71-9EB3-9A1B9998EE9C}.Release|Any CPU.ActiveCfg = Release|Any CPU
		{CC88EF50-23F1-4F71-9EB3-9A1B9998EE9C}.Release|Any CPU.Build.0 = Release|Any CPU
	EndGlobalSection
	GlobalSection(SolutionProperties) = preSolution
		HideSolutionNode = FALSE
	EndGlobalSection
	GlobalSection(ExtensibilityGlobals) = postSolution
		SolutionGuid = {12998815-E757-4116-9653-2DE821E468E6}
	EndGlobalSection
EndGlobal
